
Microsoft Visual Studio Solution File, Format Version 12.00
# Visual Studio 14
VisualStudioVersion = 14.0.24720.0
MinimumVisualStudioVersion = 10.0.40219.1
Project("{FAE04EC0-301F-11D3-BF4B-00C04F79EFBC}") = "Manager", "Manager\Manager.csproj", "{EF1E2309-DB2E-494D-B48D-F58EFCFC2263}"
EndProject
Project("{F088123C-0E9E-452A-89E6-6BA2F21D5CAC}") = "ManagerModel", "ManagerModel\ManagerModel.modelproj", "{AEC960D8-B109-4458-ADF3-E48B4A8EFFD6}"
EndProject
Global
	GlobalSection(SolutionConfigurationPlatforms) = preSolution
		Debug|Any CPU = Debug|Any CPU
		Release|Any CPU = Release|Any CPU
	EndGlobalSection
	GlobalSection(ProjectConfigurationPlatforms) = postSolution
		{EF1E2309-DB2E-494D-B48D-F58EFCFC2263}.Debug|Any CPU.ActiveCfg = Debug|Any CPU
		{EF1E2309-DB2E-494D-B48D-F58EFCFC2263}.Debug|Any CPU.Build.0 = Debug|Any CPU
		{EF1E2309-DB2E-494D-B48D-F58EFCFC2263}.Release|Any CPU.ActiveCfg = Release|Any CPU
		{EF1E2309-DB2E-494D-B48D-F58EFCFC2263}.Release|Any CPU.Build.0 = Release|Any CPU
		{AEC960D8-B109-4458-ADF3-E48B4A8EFFD6}.Debug|Any CPU.ActiveCfg = Debug|Any CPU
		{AEC960D8-B109-4458-ADF3-E48B4A8EFFD6}.Debug|Any CPU.Build.0 = Debug|Any CPU
		{AEC960D8-B109-4458-ADF3-E48B4A8EFFD6}.Release|Any CPU.ActiveCfg = Release|Any CPU
		{AEC960D8-B109-4458-ADF3-E48B4A8EFFD6}.Release|Any CPU.Build.0 = Release|Any CPU
	EndGlobalSection
	GlobalSection(SolutionProperties) = preSolution
		HideSolutionNode = FALSE
	EndGlobalSection
EndGlobal
