
Microsoft Visual Studio Solution File, Format Version 12.00
# Visual Studio 14
VisualStudioVersion = 14.0.24720.0
MinimumVisualStudioVersion = 10.0.40219.1
Project("{FAE04EC0-301F-11D3-BF4B-00C04F79EFBC}") = "Backend", "Backend\Backend.csproj", "{FDD4092A-F6DC-446A-818A-593B96AE4724}"
EndProject
Project("{00D1A9C2-B5F0-4AF3-8072-F6C62B433612}") = "MoCap", "MoCap_DB\MoCap.sqlproj", "{4DE040ED-787B-497C-9BAD-CD99968B53C1}"
EndProject
Project("{FAE04EC0-301F-11D3-BF4B-00C04F79EFBC}") = "DataService", "DataService\DataService.csproj", "{109EBBB9-FC96-4C45-ACCB-AA2F34D930EF}"
EndProject
Global
	GlobalSection(SolutionConfigurationPlatforms) = preSolution
		Debug|Any CPU = Debug|Any CPU
		Release|Any CPU = Release|Any CPU
	EndGlobalSection
	GlobalSection(ProjectConfigurationPlatforms) = postSolution
		{FDD4092A-F6DC-446A-818A-593B96AE4724}.Debug|Any CPU.ActiveCfg = Debug|Any CPU
		{FDD4092A-F6DC-446A-818A-593B96AE4724}.Debug|Any CPU.Build.0 = Debug|Any CPU
		{FDD4092A-F6DC-446A-818A-593B96AE4724}.Release|Any CPU.ActiveCfg = Release|Any CPU
		{FDD4092A-F6DC-446A-818A-593B96AE4724}.Release|Any CPU.Build.0 = Release|Any CPU
		{4DE040ED-787B-497C-9BAD-CD99968B53C1}.Debug|Any CPU.ActiveCfg = Debug|Any CPU
		{4DE040ED-787B-497C-9BAD-CD99968B53C1}.Debug|Any CPU.Build.0 = Debug|Any CPU
		{4DE040ED-787B-497C-9BAD-CD99968B53C1}.Debug|Any CPU.Deploy.0 = Debug|Any CPU
		{4DE040ED-787B-497C-9BAD-CD99968B53C1}.Release|Any CPU.ActiveCfg = Release|Any CPU
		{4DE040ED-787B-497C-9BAD-CD99968B53C1}.Release|Any CPU.Build.0 = Release|Any CPU
		{4DE040ED-787B-497C-9BAD-CD99968B53C1}.Release|Any CPU.Deploy.0 = Release|Any CPU
		{109EBBB9-FC96-4C45-ACCB-AA2F34D930EF}.Debug|Any CPU.ActiveCfg = Debug|Any CPU
		{109EBBB9-FC96-4C45-ACCB-AA2F34D930EF}.Debug|Any CPU.Build.0 = Debug|Any CPU
		{109EBBB9-FC96-4C45-ACCB-AA2F34D930EF}.Release|Any CPU.ActiveCfg = Release|Any CPU
		{109EBBB9-FC96-4C45-ACCB-AA2F34D930EF}.Release|Any CPU.Build.0 = Release|Any CPU
	EndGlobalSection
	GlobalSection(SolutionProperties) = preSolution
		HideSolutionNode = FALSE
	EndGlobalSection
EndGlobal
