
Microsoft Visual Studio Solution File, Format Version 12.00
# Visual Studio 14
VisualStudioVersion = 14.0.23107.0
MinimumVisualStudioVersion = 10.0.40219.1
Project("{FAE04EC0-301F-11D3-BF4B-00C04F79EFBC}") = "CodeTemplate", "CodeTemplate\CodeTemplate.csproj", "{13572DDC-20DA-4798-BBE4-C880355FB0A0}"
EndProject
Global
	GlobalSection(SolutionConfigurationPlatforms) = preSolution
		Debug|Any CPU = Debug|Any CPU
		Release|Any CPU = Release|Any CPU
	EndGlobalSection
	GlobalSection(ProjectConfigurationPlatforms) = postSolution
		{13572DDC-20DA-4798-BBE4-C880355FB0A0}.Debug|Any CPU.ActiveCfg = Debug|Any CPU
		{13572DDC-20DA-4798-BBE4-C880355FB0A0}.Debug|Any CPU.Build.0 = Debug|Any CPU
		{13572DDC-20DA-4798-BBE4-C880355FB0A0}.Release|Any CPU.ActiveCfg = Release|Any CPU
		{13572DDC-20DA-4798-BBE4-C880355FB0A0}.Release|Any CPU.Build.0 = Release|Any CPU
	EndGlobalSection
	GlobalSection(SolutionProperties) = preSolution
		HideSolutionNode = FALSE
	EndGlobalSection
EndGlobal
