
Microsoft Visual Studio Solution File, Format Version 12.00
# Visual Studio 14
VisualStudioVersion = 14.0.24720.0
MinimumVisualStudioVersion = 10.0.40219.1
Project("{FAE04EC0-301F-11D3-BF4B-00C04F79EFBC}") = "Security", "Security\Security.csproj", "{A103F160-0F9A-4735-A7EE-EC4B50B0AE26}"
EndProject
Project("{FAE04EC0-301F-11D3-BF4B-00C04F79EFBC}") = "Trace", "Tracer\Trace.csproj", "{3248096D-D0BD-43C6-846D-05B466D6DFAC}"
EndProject
Project("{FAE04EC0-301F-11D3-BF4B-00C04F79EFBC}") = "SecurityTests", "SecurityTests\SecurityTests.csproj", "{E7017109-FBA7-42BF-AD98-403369D7C54B}"
EndProject
Global
	GlobalSection(SolutionConfigurationPlatforms) = preSolution
		Debug|Any CPU = Debug|Any CPU
		Release|Any CPU = Release|Any CPU
	EndGlobalSection
	GlobalSection(ProjectConfigurationPlatforms) = postSolution
		{A103F160-0F9A-4735-A7EE-EC4B50B0AE26}.Debug|Any CPU.ActiveCfg = Debug|Any CPU
		{A103F160-0F9A-4735-A7EE-EC4B50B0AE26}.Debug|Any CPU.Build.0 = Debug|Any CPU
		{A103F160-0F9A-4735-A7EE-EC4B50B0AE26}.Release|Any CPU.ActiveCfg = Release|Any CPU
		{A103F160-0F9A-4735-A7EE-EC4B50B0AE26}.Release|Any CPU.Build.0 = Release|Any CPU
		{3248096D-D0BD-43C6-846D-05B466D6DFAC}.Debug|Any CPU.ActiveCfg = Debug|Any CPU
		{3248096D-D0BD-43C6-846D-05B466D6DFAC}.Debug|Any CPU.Build.0 = Debug|Any CPU
		{3248096D-D0BD-43C6-846D-05B466D6DFAC}.Release|Any CPU.ActiveCfg = Release|Any CPU
		{3248096D-D0BD-43C6-846D-05B466D6DFAC}.Release|Any CPU.Build.0 = Release|Any CPU
		{E7017109-FBA7-42BF-AD98-403369D7C54B}.Debug|Any CPU.ActiveCfg = Debug|Any CPU
		{E7017109-FBA7-42BF-AD98-403369D7C54B}.Debug|Any CPU.Build.0 = Debug|Any CPU
		{E7017109-FBA7-42BF-AD98-403369D7C54B}.Release|Any CPU.ActiveCfg = Release|Any CPU
		{E7017109-FBA7-42BF-AD98-403369D7C54B}.Release|Any CPU.Build.0 = Release|Any CPU
	EndGlobalSection
	GlobalSection(SolutionProperties) = preSolution
		HideSolutionNode = FALSE
	EndGlobalSection
EndGlobal
