
Microsoft Visual Studio Solution File, Format Version 12.00
# Visual Studio 14
VisualStudioVersion = 14.0.24720.0
MinimumVisualStudioVersion = 10.0.40219.1
Project("{F088123C-0E9E-452A-89E6-6BA2F21D5CAC}") = "PlexByte.MoCap", "PlexByte.MoCap\PlexByte.MoCap.modelproj", "{15456C4A-2281-459E-8787-7AE0224D2D1E}"
EndProject
Project("{FAE04EC0-301F-11D3-BF4B-00C04F79EFBC}") = "PlexByte.MoCapLib", "PlexByte.MoCapLib\PlexByte.MoCapLib.csproj", "{CAC8494F-5DFC-455E-9795-59A21D8751CC}"
EndProject
Project("{FAE04EC0-301F-11D3-BF4B-00C04F79EFBC}") = "PlexByte.MoCap.WinForms", "PlexByte.MoCap.WinForms\PlexByte.MoCap.WinForms.csproj", "{B1DEF6CC-3943-4FF5-AE6D-724BBAAE9734}"
EndProject
Project("{FAE04EC0-301F-11D3-BF4B-00C04F79EFBC}") = "PlexByte.MoCap.Interactions", "PlexByte.MoCap.Interactions\PlexByte.MoCap.Interactions.csproj", "{1656F717-ADA8-4C21-A310-069262387695}"
EndProject
Project("{FAE04EC0-301F-11D3-BF4B-00C04F79EFBC}") = "PlexByte.MoCap.Security", "PlexByte.MoCap.Security\PlexByte.MoCap.Security.csproj", "{265F3562-24A8-4B4F-8140-56D566C18F53}"
EndProject
Project("{FAE04EC0-301F-11D3-BF4B-00C04F79EFBC}") = "PlexByte.MoCap.Managers", "PlexByte.MoCap.Managers\PlexByte.MoCap.Managers.csproj", "{7E8D8811-3167-41B9-863F-451615F52624}"
EndProject
Project("{FAE04EC0-301F-11D3-BF4B-00C04F79EFBC}") = "PlexByte.MoCap.Helpers", "PlexByte.MoCap.Helpers\PlexByte.MoCap.Helpers.csproj", "{34506AA0-EE70-4637-9352-6D044E29823A}"
EndProject
Project("{FAE04EC0-301F-11D3-BF4B-00C04F79EFBC}") = "PlexByte.MoCap.Backend", "PlexByte.MoCap.Backend\PlexByte.MoCap.Backend.csproj", "{BE9A7D39-113A-4E48-960E-3C5BFED0DB70}"
EndProject
Project("{FAE04EC0-301F-11D3-BF4B-00C04F79EFBC}") = "PlexByte.MoCap.BackupFiles", "PlexByte.MoCap.BackupFiles\PlexByte.MoCap.BackupFiles.csproj", "{D6D9C573-4034-4B85-86F8-8C3BED10225B}"
EndProject
Global
	GlobalSection(SolutionConfigurationPlatforms) = preSolution
		Debug|Any CPU = Debug|Any CPU
		Release|Any CPU = Release|Any CPU
	EndGlobalSection
	GlobalSection(ProjectConfigurationPlatforms) = postSolution
		{15456C4A-2281-459E-8787-7AE0224D2D1E}.Debug|Any CPU.ActiveCfg = Debug|Any CPU
		{15456C4A-2281-459E-8787-7AE0224D2D1E}.Debug|Any CPU.Build.0 = Debug|Any CPU
		{15456C4A-2281-459E-8787-7AE0224D2D1E}.Release|Any CPU.ActiveCfg = Release|Any CPU
		{15456C4A-2281-459E-8787-7AE0224D2D1E}.Release|Any CPU.Build.0 = Release|Any CPU
		{CAC8494F-5DFC-455E-9795-59A21D8751CC}.Debug|Any CPU.ActiveCfg = Debug|Any CPU
		{CAC8494F-5DFC-455E-9795-59A21D8751CC}.Debug|Any CPU.Build.0 = Debug|Any CPU
		{CAC8494F-5DFC-455E-9795-59A21D8751CC}.Release|Any CPU.ActiveCfg = Release|Any CPU
		{CAC8494F-5DFC-455E-9795-59A21D8751CC}.Release|Any CPU.Build.0 = Release|Any CPU
		{B1DEF6CC-3943-4FF5-AE6D-724BBAAE9734}.Debug|Any CPU.ActiveCfg = Debug|Any CPU
		{B1DEF6CC-3943-4FF5-AE6D-724BBAAE9734}.Debug|Any CPU.Build.0 = Debug|Any CPU
		{B1DEF6CC-3943-4FF5-AE6D-724BBAAE9734}.Release|Any CPU.ActiveCfg = Release|Any CPU
		{B1DEF6CC-3943-4FF5-AE6D-724BBAAE9734}.Release|Any CPU.Build.0 = Release|Any CPU
		{1656F717-ADA8-4C21-A310-069262387695}.Debug|Any CPU.ActiveCfg = Debug|Any CPU
		{1656F717-ADA8-4C21-A310-069262387695}.Debug|Any CPU.Build.0 = Debug|Any CPU
		{1656F717-ADA8-4C21-A310-069262387695}.Release|Any CPU.ActiveCfg = Release|Any CPU
		{1656F717-ADA8-4C21-A310-069262387695}.Release|Any CPU.Build.0 = Release|Any CPU
		{265F3562-24A8-4B4F-8140-56D566C18F53}.Debug|Any CPU.ActiveCfg = Debug|Any CPU
		{265F3562-24A8-4B4F-8140-56D566C18F53}.Debug|Any CPU.Build.0 = Debug|Any CPU
		{265F3562-24A8-4B4F-8140-56D566C18F53}.Release|Any CPU.ActiveCfg = Release|Any CPU
		{265F3562-24A8-4B4F-8140-56D566C18F53}.Release|Any CPU.Build.0 = Release|Any CPU
		{7E8D8811-3167-41B9-863F-451615F52624}.Debug|Any CPU.ActiveCfg = Debug|Any CPU
		{7E8D8811-3167-41B9-863F-451615F52624}.Debug|Any CPU.Build.0 = Debug|Any CPU
		{7E8D8811-3167-41B9-863F-451615F52624}.Release|Any CPU.ActiveCfg = Release|Any CPU
		{7E8D8811-3167-41B9-863F-451615F52624}.Release|Any CPU.Build.0 = Release|Any CPU
		{34506AA0-EE70-4637-9352-6D044E29823A}.Debug|Any CPU.ActiveCfg = Debug|Any CPU
		{34506AA0-EE70-4637-9352-6D044E29823A}.Debug|Any CPU.Build.0 = Debug|Any CPU
		{34506AA0-EE70-4637-9352-6D044E29823A}.Release|Any CPU.ActiveCfg = Release|Any CPU
		{34506AA0-EE70-4637-9352-6D044E29823A}.Release|Any CPU.Build.0 = Release|Any CPU
		{BE9A7D39-113A-4E48-960E-3C5BFED0DB70}.Debug|Any CPU.ActiveCfg = Debug|Any CPU
		{BE9A7D39-113A-4E48-960E-3C5BFED0DB70}.Debug|Any CPU.Build.0 = Debug|Any CPU
		{BE9A7D39-113A-4E48-960E-3C5BFED0DB70}.Release|Any CPU.ActiveCfg = Release|Any CPU
		{BE9A7D39-113A-4E48-960E-3C5BFED0DB70}.Release|Any CPU.Build.0 = Release|Any CPU
		{D6D9C573-4034-4B85-86F8-8C3BED10225B}.Debug|Any CPU.ActiveCfg = Debug|Any CPU
		{D6D9C573-4034-4B85-86F8-8C3BED10225B}.Debug|Any CPU.Build.0 = Debug|Any CPU
		{D6D9C573-4034-4B85-86F8-8C3BED10225B}.Release|Any CPU.ActiveCfg = Release|Any CPU
		{D6D9C573-4034-4B85-86F8-8C3BED10225B}.Release|Any CPU.Build.0 = Release|Any CPU
	EndGlobalSection
	GlobalSection(SolutionProperties) = preSolution
		HideSolutionNode = FALSE
	EndGlobalSection
EndGlobal
